
Microsoft Visual Studio Solution File, Format Version 12.00
# Visual Studio Version 16
VisualStudioVersion = 16.0.30621.155
MinimumVisualStudioVersion = 10.0.40219.1
Project("{FAE04EC0-301F-11D3-BF4B-00C04F79EFBC}") = "OnlinkServer", "OnlinkServer\OnlinkServer.csproj", "{284BD166-C97D-4AF5-8FA5-CD14523EB5B2}"
EndProject
Project("{FAE04EC0-301F-11D3-BF4B-00C04F79EFBC}") = "OnlinkClient", "OnlinkClient\OnlinkClient.csproj", "{923D3F5D-EEBA-401F-936F-7ACBC7C79AC4}"
EndProject
Global
	GlobalSection(SolutionConfigurationPlatforms) = preSolution
		Debug|Any CPU = Debug|Any CPU
		Release|Any CPU = Release|Any CPU
	EndGlobalSection
	GlobalSection(ProjectConfigurationPlatforms) = postSolution
		{284BD166-C97D-4AF5-8FA5-CD14523EB5B2}.Debug|Any CPU.ActiveCfg = Debug|Any CPU
		{284BD166-C97D-4AF5-8FA5-CD14523EB5B2}.Debug|Any CPU.Build.0 = Debug|Any CPU
		{284BD166-C97D-4AF5-8FA5-CD14523EB5B2}.Release|Any CPU.ActiveCfg = Release|Any CPU
		{284BD166-C97D-4AF5-8FA5-CD14523EB5B2}.Release|Any CPU.Build.0 = Release|Any CPU
		{923D3F5D-EEBA-401F-936F-7ACBC7C79AC4}.Debug|Any CPU.ActiveCfg = Debug|Any CPU
		{923D3F5D-EEBA-401F-936F-7ACBC7C79AC4}.Debug|Any CPU.Build.0 = Debug|Any CPU
		{923D3F5D-EEBA-401F-936F-7ACBC7C79AC4}.Release|Any CPU.ActiveCfg = Release|Any CPU
		{923D3F5D-EEBA-401F-936F-7ACBC7C79AC4}.Release|Any CPU.Build.0 = Release|Any CPU
	EndGlobalSection
	GlobalSection(SolutionProperties) = preSolution
		HideSolutionNode = FALSE
	EndGlobalSection
	GlobalSection(ExtensibilityGlobals) = postSolution
		SolutionGuid = {5B855D27-13B1-405C-A66F-344EC556CEF5}
	EndGlobalSection
EndGlobal
